
Microsoft Visual Studio Solution File, Format Version 12.00
# Visual Studio Version 17
VisualStudioVersion = 17.3.32819.101
MinimumVisualStudioVersion = 10.0.40219.1
Project("{FAE04EC0-301F-11D3-BF4B-00C04F79EFBC}") = "2fa", "2fa\2fa.csproj", "{FCA497BB-66BB-4AE3-B3AF-8EF72113A0FB}"
EndProject
Global
	GlobalSection(SolutionConfigurationPlatforms) = preSolution
		Debug|Any CPU = Debug|Any CPU
		Release|Any CPU = Release|Any CPU
	EndGlobalSection
	GlobalSection(ProjectConfigurationPlatforms) = postSolution
		{FCA497BB-66BB-4AE3-B3AF-8EF72113A0FB}.Debug|Any CPU.ActiveCfg = Debug|Any CPU
		{FCA497BB-66BB-4AE3-B3AF-8EF72113A0FB}.Debug|Any CPU.Build.0 = Debug|Any CPU
		{FCA497BB-66BB-4AE3-B3AF-8EF72113A0FB}.Release|Any CPU.ActiveCfg = Release|Any CPU
		{FCA497BB-66BB-4AE3-B3AF-8EF72113A0FB}.Release|Any CPU.Build.0 = Release|Any CPU
	EndGlobalSection
	GlobalSection(SolutionProperties) = preSolution
		HideSolutionNode = FALSE
	EndGlobalSection
	GlobalSection(ExtensibilityGlobals) = postSolution
		SolutionGuid = {31C3B6CB-CE19-4604-8F06-7B8EF63904F3}
	EndGlobalSection
EndGlobal
